Microsoft Visual Studio Solution File, Format Version 12.00
# Visual Studio Version 17
VisualStudioVersion = 17.0.31903.59
MinimumVisualStudioVersion = 10.0.40219.1
Project("{FAE04EC0-301F-11D3-BF4B-00C04F79EFBC}") = "EmployeeApi.Domain", "src\EmployeeApi.Domain\EmployeeApi.Domain.csproj", "{527E239B-0BAB-4FA3-824B-611185B04E01}"
EndProject
Project("{FAE04EC0-301F-11D3-BF4B-00C04F79EFBC}") = "EmployeeApi.Application", "src\EmployeeApi.Application\EmployeeApi.Application.csproj", "{18123770-8528-41DC-B361-0BBF56CCA704}"
EndProject
Project("{FAE04EC0-301F-11D3-BF4B-00C04F79EFBC}") = "EmployeeApi.Infrastructure", "src\EmployeeApi.Infrastructure\EmployeeApi.Infrastructure.csproj", "{ED470412-5864-43DA-A38F-FE102DD582B3}"
EndProject
Project("{FAE04EC0-301F-11D3-BF4B-00C04F79EFBC}") = "EmployeeApi.Api", "src\EmployeeApi.Api\EmployeeApi.Api.csproj", "{D8CB7860-A94F-488D-BA4E-9FAEF9642CAB}"
EndProject
Global
	GlobalSection(SolutionConfigurationPlatforms) = preSolution
		Debug|Any CPU = Debug|Any CPU
		Release|Any CPU = Release|Any CPU
	EndGlobalSection
	GlobalSection(ProjectConfigurationPlatforms) = postSolution
		{527E239B-0BAB-4FA3-824B-611185B04E01}.Debug|Any CPU.ActiveCfg = Debug|Any CPU
		{527E239B-0BAB-4FA3-824B-611185B04E01}.Debug|Any CPU.Build.0 = Debug|Any CPU
		{527E239B-0BAB-4FA3-824B-611185B04E01}.Release|Any CPU.ActiveCfg = Release|Any CPU
		{527E239B-0BAB-4FA3-824B-611185B04E01}.Release|Any CPU.Build.0 = Release|Any CPU
		{18123770-8528-41DC-B361-0BBF56CCA704}.Debug|Any CPU.ActiveCfg = Debug|Any CPU
		{18123770-8528-41DC-B361-0BBF56CCA704}.Debug|Any CPU.Build.0 = Debug|Any CPU
		{18123770-8528-41DC-B361-0BBF56CCA704}.Release|Any CPU.ActiveCfg = Release|Any CPU
		{18123770-8528-41DC-B361-0BBF56CCA704}.Release|Any CPU.Build.0 = Release|Any CPU
		{ED470412-5864-43DA-A38F-FE102DD582B3}.Debug|Any CPU.ActiveCfg = Debug|Any CPU
		{ED470412-5864-43DA-A38F-FE102DD582B3}.Debug|Any CPU.Build.0 = Debug|Any CPU
		{ED470412-5864-43DA-A38F-FE102DD582B3}.Release|Any CPU.ActiveCfg = Release|Any CPU
		{ED470412-5864-43DA-A38F-FE102DD582B3}.Release|Any CPU.Build.0 = Release|Any CPU
		{D8CB7860-A94F-488D-BA4E-9FAEF9642CAB}.Debug|Any CPU.ActiveCfg = Debug|Any CPU
		{D8CB7860-A94F-488D-BA4E-9FAEF9642CAB}.Debug|Any CPU.Build.0 = Debug|Any CPU
		{D8CB7860-A94F-488D-BA4E-9FAEF9642CAB}.Release|Any CPU.ActiveCfg = Release|Any CPU
		{D8CB7860-A94F-488D-BA4E-9FAEF9642CAB}.Release|Any CPU.Build.0 = Release|Any CPU
	EndGlobalSection
	GlobalSection(SolutionProperties) = preSolution
		HideSolutionNode = FALSE
	EndGlobalSection
EndGlobal
