
Microsoft Visual Studio Solution File, Format Version 12.00
# Visual Studio Version 17
VisualStudioVersion = 17.0.31903.59
MinimumVisualStudioVersion = 10.0.40219.1
Project("{FAE04EC0-301F-11D3-BF4B-00C04F79EFBC}") = "EmployeeApi.Domain", "src\EmployeeApi.Domain\EmployeeApi.Domain.csproj", "{527E239B-0BAB-4FA3-824B-611185B04E01}"
EndProject
Project("{FAE04EC0-301F-11D3-BF4B-00C04F79EFBC}") = "EmployeeApi.Application", "src\EmployeeApi.Application\EmployeeApi.Application.csproj", "{18123770-8528-41DC-B361-0BBF56CCA704}"
EndProject
Project("{FAE04EC0-301F-11D3-BF4B-00C04F79EFBC}") = "EmployeeApi.Infrastructure", "src\EmployeeApi.Infrastructure\EmployeeApi.Infrastructure.csproj", "{ED470412-5864-43DA-A38F-FE102DD582B3}"
EndProject
Project("{FAE04EC0-301F-11D3-BF4B-00C04F79EFBC}") = "EmployeeApi.Api", "src\EmployeeApi.Api\EmployeeApi.Api.csproj", "{D8CB7860-A94F-488D-BA4E-9FAEF9642CAB}"
EndProject
Project("{2150E333-8FDC-42A3-9474-1A3956D46DE8}") = "tests", "tests", "{0AB3BF05-4346-4AA6-1389-037BE0695223}"
EndProject
Project("{FAE04EC0-301F-11D3-BF4B-00C04F79EFBC}") = "EmployeeApi.Tests", "tests\EmployeeApi.Tests\EmployeeApi.Tests.csproj", "{77DB04AA-F862-4E34-8F6C-84634F0739EB}"
EndProject
Project("{2150E333-8FDC-42A3-9474-1A3956D46DE8}") = "src", "src", "{827E0CD3-B72D-47B6-A68D-7590B98EB39B}"
EndProject
Global
	GlobalSection(SolutionConfigurationPlatforms) = preSolution
		Debug|Any CPU = Debug|Any CPU
		Debug|x64 = Debug|x64
		Debug|x86 = Debug|x86
		Release|Any CPU = Release|Any CPU
		Release|x64 = Release|x64
		Release|x86 = Release|x86
	EndGlobalSection
	GlobalSection(ProjectConfigurationPlatforms) = postSolution
		{527E239B-0BAB-4FA3-824B-611185B04E01}.Debug|Any CPU.ActiveCfg = Debug|Any CPU
		{527E239B-0BAB-4FA3-824B-611185B04E01}.Debug|Any CPU.Build.0 = Debug|Any CPU
		{527E239B-0BAB-4FA3-824B-611185B04E01}.Debug|x64.ActiveCfg = Debug|Any CPU
		{527E239B-0BAB-4FA3-824B-611185B04E01}.Debug|x64.Build.0 = Debug|Any CPU
		{527E239B-0BAB-4FA3-824B-611185B04E01}.Debug|x86.ActiveCfg = Debug|Any CPU
		{527E239B-0BAB-4FA3-824B-611185B04E01}.Debug|x86.Build.0 = Debug|Any CPU
		{527E239B-0BAB-4FA3-824B-611185B04E01}.Release|Any CPU.ActiveCfg = Release|Any CPU
		{527E239B-0BAB-4FA3-824B-611185B04E01}.Release|Any CPU.Build.0 = Release|Any CPU
		{527E239B-0BAB-4FA3-824B-611185B04E01}.Release|x64.ActiveCfg = Release|Any CPU
		{527E239B-0BAB-4FA3-824B-611185B04E01}.Release|x64.Build.0 = Release|Any CPU
		{527E239B-0BAB-4FA3-824B-611185B04E01}.Release|x86.ActiveCfg = Release|Any CPU
		{527E239B-0BAB-4FA3-824B-611185B04E01}.Release|x86.Build.0 = Release|Any CPU
		{18123770-8528-41DC-B361-0BBF56CCA704}.Debug|Any CPU.ActiveCfg = Debug|Any CPU
		{18123770-8528-41DC-B361-0BBF56CCA704}.Debug|Any CPU.Build.0 = Debug|Any CPU
		{18123770-8528-41DC-B361-0BBF56CCA704}.Debug|x64.ActiveCfg = Debug|Any CPU
		{18123770-8528-41DC-B361-0BBF56CCA704}.Debug|x64.Build.0 = Debug|Any CPU
		{18123770-8528-41DC-B361-0BBF56CCA704}.Debug|x86.ActiveCfg = Debug|Any CPU
		{18123770-8528-41DC-B361-0BBF56CCA704}.Debug|x86.Build.0 = Debug|Any CPU
		{18123770-8528-41DC-B361-0BBF56CCA704}.Release|Any CPU.ActiveCfg = Release|Any CPU
		{18123770-8528-41DC-B361-0BBF56CCA704}.Release|Any CPU.Build.0 = Release|Any CPU
		{18123770-8528-41DC-B361-0BBF56CCA704}.Release|x64.ActiveCfg = Release|Any CPU
		{18123770-8528-41DC-B361-0BBF56CCA704}.Release|x64.Build.0 = Release|Any CPU
		{18123770-8528-41DC-B361-0BBF56CCA704}.Release|x86.ActiveCfg = Release|Any CPU
		{18123770-8528-41DC-B361-0BBF56CCA704}.Release|x86.Build.0 = Release|Any CPU
		{ED470412-5864-43DA-A38F-FE102DD582B3}.Debug|Any CPU.ActiveCfg = Debug|Any CPU
		{ED470412-5864-43DA-A38F-FE102DD582B3}.Debug|Any CPU.Build.0 = Debug|Any CPU
		{ED470412-5864-43DA-A38F-FE102DD582B3}.Debug|x64.ActiveCfg = Debug|Any CPU
		{ED470412-5864-43DA-A38F-FE102DD582B3}.Debug|x64.Build.0 = Debug|Any CPU
		{ED470412-5864-43DA-A38F-FE102DD582B3}.Debug|x86.ActiveCfg = Debug|Any CPU
		{ED470412-5864-43DA-A38F-FE102DD582B3}.Debug|x86.Build.0 = Debug|Any CPU
		{ED470412-5864-43DA-A38F-FE102DD582B3}.Release|Any CPU.ActiveCfg = Release|Any CPU
		{ED470412-5864-43DA-A38F-FE102DD582B3}.Release|Any CPU.Build.0 = Release|Any CPU
		{ED470412-5864-43DA-A38F-FE102DD582B3}.Release|x64.ActiveCfg = Release|Any CPU
		{ED470412-5864-43DA-A38F-FE102DD582B3}.Release|x64.Build.0 = Release|Any CPU
		{ED470412-5864-43DA-A38F-FE102DD582B3}.Release|x86.ActiveCfg = Release|Any CPU
		{ED470412-5864-43DA-A38F-FE102DD582B3}.Release|x86.Build.0 = Release|Any CPU
		{D8CB7860-A94F-488D-BA4E-9FAEF9642CAB}.Debug|Any CPU.ActiveCfg = Debug|Any CPU
		{D8CB7860-A94F-488D-BA4E-9FAEF9642CAB}.Debug|Any CPU.Build.0 = Debug|Any CPU
		{D8CB7860-A94F-488D-BA4E-9FAEF9642CAB}.Debug|x64.ActiveCfg = Debug|Any CPU
		{D8CB7860-A94F-488D-BA4E-9FAEF9642CAB}.Debug|x64.Build.0 = Debug|Any CPU
		{D8CB7860-A94F-488D-BA4E-9FAEF9642CAB}.Debug|x86.ActiveCfg = Debug|Any CPU
		{D8CB7860-A94F-488D-BA4E-9FAEF9642CAB}.Debug|x86.Build.0 = Debug|Any CPU
		{D8CB7860-A94F-488D-BA4E-9FAEF9642CAB}.Release|Any CPU.ActiveCfg = Release|Any CPU
		{D8CB7860-A94F-488D-BA4E-9FAEF9642CAB}.Release|Any CPU.Build.0 = Release|Any CPU
		{D8CB7860-A94F-488D-BA4E-9FAEF9642CAB}.Release|x64.ActiveCfg = Release|Any CPU
		{D8CB7860-A94F-488D-BA4E-9FAEF9642CAB}.Release|x64.Build.0 = Release|Any CPU
		{D8CB7860-A94F-488D-BA4E-9FAEF9642CAB}.Release|x86.ActiveCfg = Release|Any CPU
		{D8CB7860-A94F-488D-BA4E-9FAEF9642CAB}.Release|x86.Build.0 = Release|Any CPU
		{77DB04AA-F862-4E34-8F6C-84634F0739EB}.Debug|Any CPU.ActiveCfg = Debug|Any CPU
		{77DB04AA-F862-4E34-8F6C-84634F0739EB}.Debug|Any CPU.Build.0 = Debug|Any CPU
		{77DB04AA-F862-4E34-8F6C-84634F0739EB}.Debug|x64.ActiveCfg = Debug|Any CPU
		{77DB04AA-F862-4E34-8F6C-84634F0739EB}.Debug|x64.Build.0 = Debug|Any CPU
		{77DB04AA-F862-4E34-8F6C-84634F0739EB}.Debug|x86.ActiveCfg = Debug|Any CPU
		{77DB04AA-F862-4E34-8F6C-84634F0739EB}.Debug|x86.Build.0 = Debug|Any CPU
		{77DB04AA-F862-4E34-8F6C-84634F0739EB}.Release|Any CPU.ActiveCfg = Release|Any CPU
		{77DB04AA-F862-4E34-8F6C-84634F0739EB}.Release|Any CPU.Build.0 = Release|Any CPU
		{77DB04AA-F862-4E34-8F6C-84634F0739EB}.Release|x64.ActiveCfg = Release|Any CPU
		{77DB04AA-F862-4E34-8F6C-84634F0739EB}.Release|x64.Build.0 = Release|Any CPU
		{77DB04AA-F862-4E34-8F6C-84634F0739EB}.Release|x86.ActiveCfg = Release|Any CPU
		{77DB04AA-F862-4E34-8F6C-84634F0739EB}.Release|x86.Build.0 = Release|Any CPU
	EndGlobalSection
	GlobalSection(SolutionProperties) = preSolution
		HideSolutionNode = FALSE
	EndGlobalSection
	GlobalSection(NestedProjects) = preSolution
		{77DB04AA-F862-4E34-8F6C-84634F0739EB} = {0AB3BF05-4346-4AA6-1389-037BE0695223}
	EndGlobalSection
EndGlobal
